
Microsoft Visual Studio Solution File, Format Version 12.00
# Visual Studio Version 17
VisualStudioVersion = 17.3.32901.215
MinimumVisualStudioVersion = 10.0.40219.1
Project("{FAE04EC0-301F-11D3-BF4B-00C04F79EFBC}") = "UAS", "UAS\UAS.csproj", "{06336AA3-94DF-40E2-B780-E5E8D10474F8}"
EndProject
Global
	GlobalSection(SolutionConfigurationPlatforms) = preSolution
		Debug|Any CPU = Debug|Any CPU
		Release|Any CPU = Release|Any CPU
	EndGlobalSection
	GlobalSection(ProjectConfigurationPlatforms) = postSolution
		{06336AA3-94DF-40E2-B780-E5E8D10474F8}.Debug|Any CPU.ActiveCfg = Debug|Any CPU
		{06336AA3-94DF-40E2-B780-E5E8D10474F8}.Debug|Any CPU.Build.0 = Debug|Any CPU
		{06336AA3-94DF-40E2-B780-E5E8D10474F8}.Release|Any CPU.ActiveCfg = Release|Any CPU
		{06336AA3-94DF-40E2-B780-E5E8D10474F8}.Release|Any CPU.Build.0 = Release|Any CPU
	EndGlobalSection
	GlobalSection(SolutionProperties) = preSolution
		HideSolutionNode = FALSE
	EndGlobalSection
	GlobalSection(ExtensibilityGlobals) = postSolution
		SolutionGuid = {F9FA232E-6C6D-4F39-94C4-128818754332}
	EndGlobalSection
EndGlobal
